
Microsoft Visual Studio Solution File, Format Version 12.00
# Visual Studio 15
VisualStudioVersion = 15.0.26730.16
MinimumVisualStudioVersion = 10.0.40219.1
Project("{FAE04EC0-301F-11D3-BF4B-00C04F79EFBC}") = "Demo.Salesforce.DataExchange.Readers", "Demo.Salesforce.DataExchange.Readers.csproj", "{7A0FEB01-486A-40A1-96F4-43813A08336B}"
EndProject
Global
	GlobalSection(SolutionConfigurationPlatforms) = preSolution
		Debug|Any CPU = Debug|Any CPU
		Release|Any CPU = Release|Any CPU
	EndGlobalSection
	GlobalSection(ProjectConfigurationPlatforms) = postSolution
		{7A0FEB01-486A-40A1-96F4-43813A08336B}.Debug|Any CPU.ActiveCfg = Debug|Any CPU
		{7A0FEB01-486A-40A1-96F4-43813A08336B}.Debug|Any CPU.Build.0 = Debug|Any CPU
		{7A0FEB01-486A-40A1-96F4-43813A08336B}.Release|Any CPU.ActiveCfg = Release|Any CPU
		{7A0FEB01-486A-40A1-96F4-43813A08336B}.Release|Any CPU.Build.0 = Release|Any CPU
	EndGlobalSection
	GlobalSection(SolutionProperties) = preSolution
		HideSolutionNode = FALSE
	EndGlobalSection
	GlobalSection(ExtensibilityGlobals) = postSolution
		SolutionGuid = {6875F9F5-59C8-41DA-B6B7-7E1224F96D7C}
	EndGlobalSection
EndGlobal
